
Microsoft Visual Studio Solution File, Format Version 12.00
# Visual Studio Version 16
VisualStudioVersion = 16.0.29306.81
MinimumVisualStudioVersion = 10.0.40219.1
Project("{FAE04EC0-301F-11D3-BF4B-00C04F79EFBC}") = "MusicStoreDB_App", "MusicStoreDB_App.csproj", "{02E0A493-9968-4144-9BD6-BCD9069B6671}"
EndProject
Global
	GlobalSection(SolutionConfigurationPlatforms) = preSolution
		Debug|Any CPU = Debug|Any CPU
		Release|Any CPU = Release|Any CPU
	EndGlobalSection
	GlobalSection(ProjectConfigurationPlatforms) = postSolution
		{02E0A493-9968-4144-9BD6-BCD9069B6671}.Debug|Any CPU.ActiveCfg = Debug|Any CPU
		{02E0A493-9968-4144-9BD6-BCD9069B6671}.Debug|Any CPU.Build.0 = Debug|Any CPU
		{02E0A493-9968-4144-9BD6-BCD9069B6671}.Release|Any CPU.ActiveCfg = Release|Any CPU
		{02E0A493-9968-4144-9BD6-BCD9069B6671}.Release|Any CPU.Build.0 = Release|Any CPU
	EndGlobalSection
	GlobalSection(SolutionProperties) = preSolution
		HideSolutionNode = FALSE
	EndGlobalSection
	GlobalSection(ExtensibilityGlobals) = postSolution
		SolutionGuid = {91C28C86-0666-4A56-8549-419296589065}
	EndGlobalSection
EndGlobal
